
Microsoft Visual Studio Solution File, Format Version 12.00
# Visual Studio 2012
Project("{FAE04EC0-301F-11D3-BF4B-00C04F79EFBC}") = "MvcApplication1", "MvcApplication1\MvcApplication1.csproj", "{ECEA71D9-B5CD-49A8-88F7-1EB938FE05DA}"
EndProject
Global
	GlobalSection(SolutionConfigurationPlatforms) = preSolution
		Debug|Any CPU = Debug|Any CPU
		Release|Any CPU = Release|Any CPU
	EndGlobalSection
	GlobalSection(ProjectConfigurationPlatforms) = postSolution
		{ECEA71D9-B5CD-49A8-88F7-1EB938FE05DA}.Debug|Any CPU.ActiveCfg = Debug|Any CPU
		{ECEA71D9-B5CD-49A8-88F7-1EB938FE05DA}.Debug|Any CPU.Build.0 = Debug|Any CPU
		{ECEA71D9-B5CD-49A8-88F7-1EB938FE05DA}.Release|Any CPU.ActiveCfg = Release|Any CPU
		{ECEA71D9-B5CD-49A8-88F7-1EB938FE05DA}.Release|Any CPU.Build.0 = Release|Any CPU
	EndGlobalSection
	GlobalSection(SolutionProperties) = preSolution
		HideSolutionNode = FALSE
	EndGlobalSection
EndGlobal
